
Microsoft Visual Studio Solution File, Format Version 12.00
# Visual Studio Version 16
VisualStudioVersion = 16.0.30907.101
MinimumVisualStudioVersion = 10.0.40219.1
Project("{FAE04EC0-301F-11D3-BF4B-00C04F79EFBC}") = "Wielowatkowosc", "Wielowatkowosc\Wielowatkowosc.csproj", "{2C11E5E0-5187-43FA-A58F-1E32B7E5A516}"
EndProject
Global
	GlobalSection(SolutionConfigurationPlatforms) = preSolution
		Debug|Any CPU = Debug|Any CPU
		Release|Any CPU = Release|Any CPU
	EndGlobalSection
	GlobalSection(ProjectConfigurationPlatforms) = postSolution
		{2C11E5E0-5187-43FA-A58F-1E32B7E5A516}.Debug|Any CPU.ActiveCfg = Debug|Any CPU
		{2C11E5E0-5187-43FA-A58F-1E32B7E5A516}.Debug|Any CPU.Build.0 = Debug|Any CPU
		{2C11E5E0-5187-43FA-A58F-1E32B7E5A516}.Release|Any CPU.ActiveCfg = Release|Any CPU
		{2C11E5E0-5187-43FA-A58F-1E32B7E5A516}.Release|Any CPU.Build.0 = Release|Any CPU
	EndGlobalSection
	GlobalSection(SolutionProperties) = preSolution
		HideSolutionNode = FALSE
	EndGlobalSection
	GlobalSection(ExtensibilityGlobals) = postSolution
		SolutionGuid = {6573318C-1951-4E6B-BB03-7F2E3B5F8CF3}
	EndGlobalSection
EndGlobal
